lockfileVersion: 5.4

specifiers:
  '@types/react': ^18.0.12
  '@types/react-dom': ^18.0.5

devDependencies:
  '@types/react': registry.npmjs.org/@types/react/18.0.12
  '@types/react-dom': registry.npmjs.org/@types/react-dom/18.0.5

packages:

  registry.npmjs.org/@types/prop-types/15.7.5:
    resolution: {integrity: sha512-JCB8C6SnDoQf0cNycqd/35A7MjcnK+ZTqE7judS6o7utxUCg6imJg3QK2qzHKszlTjcj2cn+NwMB2i96ubpj7w==, registry: https://registry.yarnpkg.com/, tarball: https://registry.npmjs.org/@types/prop-types/-/prop-types-15.7.5.tgz}
    name: '@types/prop-types'
    version: 15.7.5
    dev: true

  registry.npmjs.org/@types/react-dom/18.0.5:
    resolution: {integrity: sha512-OWPWTUrY/NIrjsAPkAk1wW9LZeIjSvkXRhclsFO8CZcZGCOg2G0YZy4ft+rOyYxy8B7ui5iZzi9OkDebZ7/QSA==, registry: https://registry.yarnpkg.com/, tarball: https://registry.npmjs.org/@types/react-dom/-/react-dom-18.0.5.tgz}
    name: '@types/react-dom'
    version: 18.0.5
    dependencies:
      '@types/react': registry.npmjs.org/@types/react/18.0.12
    dev: true

  registry.npmjs.org/@types/react/18.0.12:
    resolution: {integrity: sha512-duF1OTASSBQtcigUvhuiTB1Ya3OvSy+xORCiEf20H0P0lzx+/KeVsA99U5UjLXSbyo1DRJDlLKqTeM1ngosqtg==, registry: https://registry.yarnpkg.com/, tarball: https://registry.npmjs.org/@types/react/-/react-18.0.12.tgz}
    name: '@types/react'
    version: 18.0.12
    dependencies:
      '@types/prop-types': registry.npmjs.org/@types/prop-types/15.7.5
      '@types/scheduler': registry.npmjs.org/@types/scheduler/0.16.2
      csstype: registry.npmjs.org/csstype/3.1.0
    dev: true

  registry.npmjs.org/@types/scheduler/0.16.2:
    resolution: {integrity: sha512-hppQEBDmlwhFAXKJX2KnWLYu5yMfi91yazPb2l+lbJiwW+wdo1gNeRA+3RgNSO39WYX2euey41KEwnqesU2Jew==, registry: https://registry.yarnpkg.com/, tarball: https://registry.npmjs.org/@types/scheduler/-/scheduler-0.16.2.tgz}
    name: '@types/scheduler'
    version: 0.16.2
    dev: true

  registry.npmjs.org/csstype/3.1.0:
    resolution: {integrity: sha512-uX1KG+x9h5hIJsaKR9xHUeUraxf8IODOwq9JLNPq6BwB04a/xgpq3rcx47l5BZu5zBPlgD342tdke3Hom/nJRA==, registry: https://registry.yarnpkg.com/, tarball: https://registry.npmjs.org/csstype/-/csstype-3.1.0.tgz}
    name: csstype
    version: 3.1.0
    dev: true
